
Microsoft Visual Studio Solution File, Format Version 12.00
# Visual Studio Version 16
VisualStudioVersion = 16.0.32228.343
MinimumVisualStudioVersion = 10.0.40219.1
Project("{9A19103F-16F7-4668-BE54-9A1E7A4F7556}") = "BAFC", "BAFC\BAFC.csproj", "{6361CBFA-9C3A-486C-A69D-D21D9965B1D9}"
EndProject
Project("{FAE04EC0-301F-11D3-BF4B-00C04F79EFBC}") = "TestBAFC", "TestBAFC\TestBAFC.csproj", "{7597726F-8797-49DA-8EE6-0630F40602E8}"
EndProject
Global
	GlobalSection(SolutionConfigurationPlatforms) = preSolution
		Debug|Any CPU = Debug|Any CPU
		Release|Any CPU = Release|Any CPU
	EndGlobalSection
	GlobalSection(ProjectConfigurationPlatforms) = postSolution
		{6361CBFA-9C3A-486C-A69D-D21D9965B1D9}.Debug|Any CPU.ActiveCfg = Debug|Any CPU
		{6361CBFA-9C3A-486C-A69D-D21D9965B1D9}.Debug|Any CPU.Build.0 = Debug|Any CPU
		{6361CBFA-9C3A-486C-A69D-D21D9965B1D9}.Release|Any CPU.ActiveCfg = Release|Any CPU
		{6361CBFA-9C3A-486C-A69D-D21D9965B1D9}.Release|Any CPU.Build.0 = Release|Any CPU
		{7597726F-8797-49DA-8EE6-0630F40602E8}.Debug|Any CPU.ActiveCfg = Debug|Any CPU
		{7597726F-8797-49DA-8EE6-0630F40602E8}.Debug|Any CPU.Build.0 = Debug|Any CPU
		{7597726F-8797-49DA-8EE6-0630F40602E8}.Release|Any CPU.ActiveCfg = Release|Any CPU
		{7597726F-8797-49DA-8EE6-0630F40602E8}.Release|Any CPU.Build.0 = Release|Any CPU
	EndGlobalSection
	GlobalSection(SolutionProperties) = preSolution
		HideSolutionNode = FALSE
	EndGlobalSection
	GlobalSection(ExtensibilityGlobals) = postSolution
		SolutionGuid = {2E25284B-958F-4CEA-9A5D-878E14E9197F}
	EndGlobalSection
EndGlobal
